
Microsoft Visual Studio Solution File, Format Version 12.00
# Visual Studio Version 16
VisualStudioVersion = 16.0.30517.126
MinimumVisualStudioVersion = 10.0.40219.1
Project("{888888A0-9F3D-457C-B088-3A5042F75D52}") = "image-annotation-tool", "image-annotation-tool.pyproj", "{D4B082A1-9655-4387-8407-67E9262138B9}"
EndProject
Global
	GlobalSection(SolutionConfigurationPlatforms) = preSolution
		Debug|Any CPU = Debug|Any CPU
		Release|Any CPU = Release|Any CPU
	EndGlobalSection
	GlobalSection(ProjectConfigurationPlatforms) = postSolution
		{D4B082A1-9655-4387-8407-67E9262138B9}.Debug|Any CPU.ActiveCfg = Debug|Any CPU
		{D4B082A1-9655-4387-8407-67E9262138B9}.Release|Any CPU.ActiveCfg = Release|Any CPU
	EndGlobalSection
	GlobalSection(SolutionProperties) = preSolution
		HideSolutionNode = FALSE
	EndGlobalSection
	GlobalSection(ExtensibilityGlobals) = postSolution
		SolutionGuid = {A5A7C0EB-B93F-457B-BDE8-50336FADBF6F}
	EndGlobalSection
EndGlobal
